
Microsoft Visual Studio Solution File, Format Version 12.00
# Visual Studio Version 17
VisualStudioVersion = 17.4.33205.214
MinimumVisualStudioVersion = 10.0.40219.1
Project("{FAE04EC0-301F-11D3-BF4B-00C04F79EFBC}") = "PropertyManagementPortal", "PropertyManagementPortal\PropertyManagementPortal.csproj", "{2641CB9B-3C8F-407F-8438-C36B7AECFF87}"
EndProject
Global
	GlobalSection(SolutionConfigurationPlatforms) = preSolution
		Debug|Any CPU = Debug|Any CPU
		Release|Any CPU = Release|Any CPU
	EndGlobalSection
	GlobalSection(ProjectConfigurationPlatforms) = postSolution
		{2641CB9B-3C8F-407F-8438-C36B7AECFF87}.Debug|Any CPU.ActiveCfg = Debug|Any CPU
		{2641CB9B-3C8F-407F-8438-C36B7AECFF87}.Debug|Any CPU.Build.0 = Debug|Any CPU
		{2641CB9B-3C8F-407F-8438-C36B7AECFF87}.Release|Any CPU.ActiveCfg = Release|Any CPU
		{2641CB9B-3C8F-407F-8438-C36B7AECFF87}.Release|Any CPU.Build.0 = Release|Any CPU
	EndGlobalSection
	GlobalSection(SolutionProperties) = preSolution
		HideSolutionNode = FALSE
	EndGlobalSection
	GlobalSection(ExtensibilityGlobals) = postSolution
		SolutionGuid = {815C585F-08A3-47A3-B28B-FBD36AC44AAE}
	EndGlobalSection
EndGlobal
